
Microsoft Visual Studio Solution File, Format Version 12.00
# Visual Studio Version 17
VisualStudioVersion = 17.2.32630.192
MinimumVisualStudioVersion = 10.0.40219.1
Project("{FAE04EC0-301F-11D3-BF4B-00C04F79EFBC}") = "SetWindowsBackground", "SetWindowsBackground\SetWindowsBackground.csproj", "{FD065E95-CE29-4BBD-BCB2-5FB6C057DEAB}"
EndProject
Global
	GlobalSection(SolutionConfigurationPlatforms) = preSolution
		Debug|Any CPU = Debug|Any CPU
		Release|Any CPU = Release|Any CPU
	EndGlobalSection
	GlobalSection(ProjectConfigurationPlatforms) = postSolution
		{FD065E95-CE29-4BBD-BCB2-5FB6C057DEAB}.Debug|Any CPU.ActiveCfg = Debug|Any CPU
		{FD065E95-CE29-4BBD-BCB2-5FB6C057DEAB}.Debug|Any CPU.Build.0 = Debug|Any CPU
		{FD065E95-CE29-4BBD-BCB2-5FB6C057DEAB}.Release|Any CPU.ActiveCfg = Release|Any CPU
		{FD065E95-CE29-4BBD-BCB2-5FB6C057DEAB}.Release|Any CPU.Build.0 = Release|Any CPU
	EndGlobalSection
	GlobalSection(SolutionProperties) = preSolution
		HideSolutionNode = FALSE
	EndGlobalSection
	GlobalSection(ExtensibilityGlobals) = postSolution
		SolutionGuid = {49D87844-A4DC-4183-98AF-874EE73525AE}
	EndGlobalSection
EndGlobal
